
Microsoft Visual Studio Solution File, Format Version 12.00
# Visual Studio Version 17
VisualStudioVersion = 17.8.34330.188
MinimumVisualStudioVersion = 10.0.40219.1
Project("{FAE04EC0-301F-11D3-BF4B-00C04F79EFBC}") = "JenkinsDEmo", "JenkinsDEmo\JenkinsDEmo.csproj", "{D42FD394-D317-4A5B-91F2-875DAE3C86A5}"
EndProject
Project("{FAE04EC0-301F-11D3-BF4B-00C04F79EFBC}") = "TestProject1", "TestProject1\TestProject1.csproj", "{4F08D697-6C00-43B0-AEB1-B90869BF5F64}"
EndProject
Global
	GlobalSection(SolutionConfigurationPlatforms) = preSolution
		Debug|Any CPU = Debug|Any CPU
		Release|Any CPU = Release|Any CPU
	EndGlobalSection
	GlobalSection(ProjectConfigurationPlatforms) = postSolution
		{D42FD394-D317-4A5B-91F2-875DAE3C86A5}.Debug|Any CPU.ActiveCfg = Debug|Any CPU
		{D42FD394-D317-4A5B-91F2-875DAE3C86A5}.Debug|Any CPU.Build.0 = Debug|Any CPU
		{D42FD394-D317-4A5B-91F2-875DAE3C86A5}.Release|Any CPU.ActiveCfg = Release|Any CPU
		{D42FD394-D317-4A5B-91F2-875DAE3C86A5}.Release|Any CPU.Build.0 = Release|Any CPU
		{4F08D697-6C00-43B0-AEB1-B90869BF5F64}.Debug|Any CPU.ActiveCfg = Debug|Any CPU
		{4F08D697-6C00-43B0-AEB1-B90869BF5F64}.Debug|Any CPU.Build.0 = Debug|Any CPU
		{4F08D697-6C00-43B0-AEB1-B90869BF5F64}.Release|Any CPU.ActiveCfg = Release|Any CPU
		{4F08D697-6C00-43B0-AEB1-B90869BF5F64}.Release|Any CPU.Build.0 = Release|Any CPU
	EndGlobalSection
	GlobalSection(SolutionProperties) = preSolution
		HideSolutionNode = FALSE
	EndGlobalSection
	GlobalSection(ExtensibilityGlobals) = postSolution
		SolutionGuid = {D1925CA2-B723-48F4-811D-554FD3CA7919}
	EndGlobalSection
EndGlobal
